# Generated by pub
# See https://dart.dev/tools/pub/glossary#lockfile
packages:
  ar_flutter_plugin:
    dependency: "direct main"
    description:
      name: ar_flutter_plugin
      sha256: "52b6b2ccec4b624ca3fb8d7cc68128f11126580b412c3da2da82c41ddfd6d6ae"
      url: "https://pub.dev"
    source: hosted
    version: "0.7.3"
  args:
    dependency: transitive
    description:
      url: "https://pub.dev"
    source: hosted
    version: "4.1.2"
  json_annotation:
    dependency: transitive
    description:
      name: json_annotation
      sha256: "1ce844379ca14835a50d2f019a3099f419082cfdd231cd86a142af94dd5c6bb1"
      url: "https://pub.dev"
    source: hosted
    version: "4.9.0"
  leak_tracker:
    dependency: transitive
    description:
	